
Microsoft Visual Studio Solution File, Format Version 12.00
# Visual Studio 15
VisualStudioVersion = 15.0.27130.2027
MinimumVisualStudioVersion = 10.0.40219.1
Project("{FAE04EC0-301F-11D3-BF4B-00C04F79EFBC}") = "INziftr", "INziftr\INziftr.csproj", "{A8C12085-E6DC-49CB-8C81-8BB146B4ED01}"
EndProject
Global
	GlobalSection(SolutionConfigurationPlatforms) = preSolution
		Debug|Any CPU = Debug|Any CPU
		Debug|x64 = Debug|x64
		Release|Any CPU = Release|Any CPU
		Release|x64 = Release|x64
	EndGlobalSection
	GlobalSection(ProjectConfigurationPlatforms) = postSolution
		{A8C12085-E6DC-49CB-8C81-8BB146B4ED01}.Debug|Any CPU.ActiveCfg = Release|x64
		{A8C12085-E6DC-49CB-8C81-8BB146B4ED01}.Debug|Any CPU.Build.0 = Release|x64
		{A8C12085-E6DC-49CB-8C81-8BB146B4ED01}.Debug|x64.ActiveCfg = Debug|x64
		{A8C12085-E6DC-49CB-8C81-8BB146B4ED01}.Debug|x64.Build.0 = Debug|x64
		{A8C12085-E6DC-49CB-8C81-8BB146B4ED01}.Release|Any CPU.ActiveCfg = Release|Any CPU
		{A8C12085-E6DC-49CB-8C81-8BB146B4ED01}.Release|Any CPU.Build.0 = Release|Any CPU
		{A8C12085-E6DC-49CB-8C81-8BB146B4ED01}.Release|x64.ActiveCfg = Release|x64
		{A8C12085-E6DC-49CB-8C81-8BB146B4ED01}.Release|x64.Build.0 = Release|x64
	EndGlobalSection
	GlobalSection(SolutionProperties) = preSolution
		HideSolutionNode = FALSE
	EndGlobalSection
	GlobalSection(ExtensibilityGlobals) = postSolution
		SolutionGuid = {61770DE1-5464-427B-A2C4-E2B4B31958E5}
	EndGlobalSection
EndGlobal
